
Microsoft Visual Studio Solution File, Format Version 12.00
# Visual Studio Version 16
VisualStudioVersion = 16.0.30717.126
MinimumVisualStudioVersion = 10.0.40219.1
Project("{8BC9CEB8-8B4A-11D0-8D11-00A0C91BC942}") = "动态可打印通讯录", "动态可打印通讯录.vcxproj", "{850988E0-9A4B-49F8-B780-FBB1FDA0639C}"
EndProject
Global
	GlobalSection(SolutionConfigurationPlatforms) = preSolution
		Debug|x64 = Debug|x64
		Debug|x86 = Debug|x86
		Release|x64 = Release|x64
		Release|x86 = Release|x86
	EndGlobalSection
	GlobalSection(ProjectConfigurationPlatforms) = postSolution
		{850988E0-9A4B-49F8-B780-FBB1FDA0639C}.Debug|x64.ActiveCfg = Debug|x64
		{850988E0-9A4B-49F8-B780-FBB1FDA0639C}.Debug|x64.Build.0 = Debug|x64
		{850988E0-9A4B-49F8-B780-FBB1FDA0639C}.Debug|x86.ActiveCfg = Debug|Win32
		{850988E0-9A4B-49F8-B780-FBB1FDA0639C}.Debug|x86.Build.0 = Debug|Win32
		{850988E0-9A4B-49F8-B780-FBB1FDA0639C}.Release|x64.ActiveCfg = Release|x64
		{850988E0-9A4B-49F8-B780-FBB1FDA0639C}.Release|x64.Build.0 = Release|x64
		{850988E0-9A4B-49F8-B780-FBB1FDA0639C}.Release|x86.ActiveCfg = Release|Win32
		{850988E0-9A4B-49F8-B780-FBB1FDA0639C}.Release|x86.Build.0 = Release|Win32
	EndGlobalSection
	GlobalSection(SolutionProperties) = preSolution
		HideSolutionNode = FALSE
	EndGlobalSection
	GlobalSection(ExtensibilityGlobals) = postSolution
		SolutionGuid = {8A4C5236-10DB-4573-8BAE-7D26067C3832}
	EndGlobalSection
EndGlobal
