
Microsoft Visual Studio Solution File, Format Version 12.00
# Visual Studio Version 16
VisualStudioVersion = 16.0.30717.126
MinimumVisualStudioVersion = 10.0.40219.1
Project("{8BC9CEB8-8B4A-11D0-8D11-00A0C91BC942}") = "日期构造函数", "日期构造函数.vcxproj", "{4B19568B-8DBE-4C4C-B922-DBE68917BB48}"
EndProject
Global
	GlobalSection(SolutionConfigurationPlatforms) = preSolution
		Debug|x64 = Debug|x64
		Debug|x86 = Debug|x86
		Release|x64 = Release|x64
		Release|x86 = Release|x86
	EndGlobalSection
	GlobalSection(ProjectConfigurationPlatforms) = postSolution
		{4B19568B-8DBE-4C4C-B922-DBE68917BB48}.Debug|x64.ActiveCfg = Debug|x64
		{4B19568B-8DBE-4C4C-B922-DBE68917BB48}.Debug|x64.Build.0 = Debug|x64
		{4B19568B-8DBE-4C4C-B922-DBE68917BB48}.Debug|x86.ActiveCfg = Debug|Win32
		{4B19568B-8DBE-4C4C-B922-DBE68917BB48}.Debug|x86.Build.0 = Debug|Win32
		{4B19568B-8DBE-4C4C-B922-DBE68917BB48}.Release|x64.ActiveCfg = Release|x64
		{4B19568B-8DBE-4C4C-B922-DBE68917BB48}.Release|x64.Build.0 = Release|x64
		{4B19568B-8DBE-4C4C-B922-DBE68917BB48}.Release|x86.ActiveCfg = Release|Win32
		{4B19568B-8DBE-4C4C-B922-DBE68917BB48}.Release|x86.Build.0 = Release|Win32
	EndGlobalSection
	GlobalSection(SolutionProperties) = preSolution
		HideSolutionNode = FALSE
	EndGlobalSection
	GlobalSection(ExtensibilityGlobals) = postSolution
		SolutionGuid = {389EA701-DAB6-4211-BF94-394D90D22788}
	EndGlobalSection
EndGlobal
